
Microsoft Visual Studio Solution File, Format Version 12.00
# Visual Studio Version 17
VisualStudioVersion = 17.10.35013.160
MinimumVisualStudioVersion = 10.0.40219.1
Project("{9A19103F-16F7-4668-BE54-9A1E7A4F7556}") = "AbasteceBarato", "AbasteceBarato.csproj", "{E3EFE294-1599-4654-95AD-A897DCB80175}"
EndProject
Global
	GlobalSection(SolutionConfigurationPlatforms) = preSolution
		Debug|Any CPU = Debug|Any CPU
		Release|Any CPU = Release|Any CPU
	EndGlobalSection
	GlobalSection(ProjectConfigurationPlatforms) = postSolution
		{E3EFE294-1599-4654-95AD-A897DCB80175}.Debug|Any CPU.ActiveCfg = Debug|Any CPU
		{E3EFE294-1599-4654-95AD-A897DCB80175}.Debug|Any CPU.Build.0 = Debug|Any CPU
		{E3EFE294-1599-4654-95AD-A897DCB80175}.Release|Any CPU.ActiveCfg = Release|Any CPU
		{E3EFE294-1599-4654-95AD-A897DCB80175}.Release|Any CPU.Build.0 = Release|Any CPU
	EndGlobalSection
	GlobalSection(SolutionProperties) = preSolution
		HideSolutionNode = FALSE
	EndGlobalSection
	GlobalSection(ExtensibilityGlobals) = postSolution
		SolutionGuid = {A1868066-18AD-4E96-A104-15F13A62F330}
	EndGlobalSection
EndGlobal
